// !$*UTF8*$!
{
	archiveVersion = 1;
	classes = {
	};
	objectVersion = 46;
	objects = {

/* Begin PBXBuildFile section */
		417F05DF1D7F7A4200FDB704 /* AppDelegate.swift in Sources */ = {isa = PBXBuildFile; fileRef = 417F05DE1D7F7A4200FDB704 /* AppDelegate.swift */; };
		417F05E11D7F7A4200FDB704 /* ViewController.swift in Sources */ = {isa = PBXBuildFile; fileRef = 417F05E01D7F7A4200FDB704 /* ViewController.swift */; };
		417F05E41D7F7A4200FDB704 /* Main.storyboard in Resources */ = {isa = PBXBuildFile; fileRef = 417F05E21D7F7A4200FDB704 /* Main.storyboard */; };
		417F05E61D7F7A4200FDB704 /* Assets.xcassets in Resources */ = {isa = PBXBuildFile; fileRef = 417F05E51D7F7A4200FDB704 /* Assets.xcassets */; };
		417F05E91D7F7A4200FDB704 /* LaunchScreen.storyboard in Resources */ = {isa = PBXBuildFile; fileRef = 417F05E71D7F7A4200FDB704 /* LaunchScreen.storyboard */; };
/* End PBXBuildFile section */

/* Begin PBXFileReference section */
		417F05DB1D7F7A4200FDB704 /* WondersApp.app */ = {isa = PBXFileReference; explicitFileType = wrapper.application; includeInIndex = 0; path = WondersApp.app; sourceTree = BUILT_PRODUCTS_DIR; };
		417F05DE1D7F7A4200FDB704 /* AppDelegate.swift */ = {isa = PBXFileReference; lastKnownFileType = sourcecode.swift; path = AppDelegate.swift; sourceTree = "<group>"; };
		417F05E01D7F7A4200FDB704 /* ViewController.swift */ = {isa = PBXFileReference; lastKnownFileType = sourcecode.swift; path = ViewController.swift; sourceTree = "<group>"; };
		417F05E31D7F7A4200FDB704 /* Base */ = {isa = PBXFileReference; lastKnownFileType = file.storyboard; name = Base; path = Base.lproj/Main.storyboard; sourceTree = "<group>"; };
		417F05E51D7F7A4200FDB704 /* Assets.xcassets */ = {isa = PBXFileReference; lastKnownFileType = folder.assetcatalog; path = Assets.xcassets; sourceTree = "<group>"; };
		417F05E81D7F7A4200FDB704 /* Base */ = {isa = PBXFileReference; lastKnownFileType = file.storyboard; name = Base; path = Base.lproj/LaunchScreen.storyboard; sourceTree = "<group>"; };
		417F05EA1D7F7A4200FDB704 /* Info.plist */ = {isa = PBXFileReference; lastKnownFileType = text.plist.xml; path = Info.plist; sourceTree = "<group>"; };
/* End PBXFileReference section */

/* Begin PBXFrameworksBuildPhase section */
		417F05D81D7F7A4200FDB704 /* Frameworks */ = {
			isa = PBXFrameworksBuildPhase;
			buildActionMask = 2147483647;
			files = (
			);
			runOnlyForDeploymentPostprocessing = 0;
		};
/* End PBXFrameworksBuildPhase section */

/* Begin PBXGroup section */
		417F05D21D7F7A4200FDB704 = {
			isa = PBXGroup;
			children = (
				417F05DD1D7F7A4200FDB704 /* WondersOfWorld */,
				417F05DC1D7F7A4200FDB704 /* Products */,
			);
			sourceTree = "<group>";
		};
		417F05DC1D7F7A4200FDB704 /* Products */ = {
			isa = PBXGroup;
			children = (
				417F05DB1D7F7A4200FDB704 /* WondersApp.app */,
			);
			name = Products;
			sourceTree = "<group>";
		};
		417F05DD1D7F7A4200FDB704 /* WondersOfWorld */ = {
			isa = PBXGroup;
			children = (
				417F05DE1D7F7A4200FDB704 /* AppDelegate.swift */,
				417F05E01D7F7A4200FDB704 /* ViewController.swift */,
				417F05E21D7F7A4200FDB704 /* Main.storyboard */,
				417F05E51D7F7A4200FDB704 /* Assets.xcassets */,
				417F05E71D7F7A4200FDB704 /* LaunchScreen.storyboard */,
				417F05EA1D7F7A4200FDB704 /* Info.plist */,
			);
			path = WondersOfWorld;
			sourceTree = "<group>";
		};
/* End PBXGroup section */

/* Begin PBXNativeTarget section */
		417F05DA1D7F7A4200FDB704 /* WondersOfWorld */ = {
			isa = PBXNativeTarget;
			buildConfigurationList = 417F05ED1D7F7A4200FDB704 /* Build configuration list for PBXNativeTarget "WondersOfWorld" */;
			buildPhases = (
				417F05D71D7F7A4200FDB704 /* Sources */,
				417F05D81D7F7A4200FDB704 /* Frameworks */,
				417F05D91D7F7A4200FDB704 /* Resources */,
			);
			buildRules = (
			);
			dependencies = (
			);
			name = WondersOfWorld;
			productName = WondersOfWorld;
			productReference = 417F05DB1D7F7A4200FDB704 /* WondersApp.app */;
			productType = "com.apple.product-type.application";
		};
/* End PBXNativeTarget section */

/* Begin PBXProject section */
		417F05D31D7F7A4200FDB704 /* Project object */ = {
			isa = PBXProject;
			attributes = {
				LastSwiftUpdateCheck = 0730;
				LastUpgradeCheck = 0730;
				ORGANIZATIONNAME = "Apress Inc";
				TargetAttributes = {
					417F05DA1D7F7A4200FDB704 = {
						CreatedOnToolsVersion = 7.3.1;
						DevelopmentTeam = 4573YM5E29;
					};
				};
			};
			buildConfigurationList = 417F05D61D7F7A4200FDB704 /* Build configuration list for PBXProject "WondersOfWorld" */;
			compatibilityVersion = "Xcode 3.2";
			developmentRegion = English;
			hasScannedForEncodings = 0;
			knownRegions = (
				en,
				Base,
			);
			mainGroup = 417F05D21D7F7A4200FDB704;
			productRefGroup = 417F05DC1D7F7A4200FDB704 /* Products */;
			projectDirPath = "";
			projectRoot = "";
			targets = (
				417F05DA1D7F7A4200FDB704 /* WondersOfWorld */,
			);
		};
/* End PBXProject section */

/* Begin PBXResourcesBuildPhase section */
		417F05D91D7F7A4200FDB704 /* Resources */ = {
			isa = PBXResourcesBuildPhase;
			buildActionMask = 2147483647;
			files = (
				417F05E91D7F7A4200FDB704 /* LaunchScreen.storyboard in Resources */,
				417F05E61D7F7A4200FDB704 /* Assets.xcassets in Resources */,
				417F05E41D7F7A4200FDB704 /* Main.storyboard in Resources */,
			);
			runOnlyForDeploymentPostprocessing = 0;
		};
/* End PBXResourcesBuildPhase section */

/* Begin PBXSourcesBuildPhase section */
		417F05D71D7F7A4200FDB704 /* Sources */ = {
			isa = PBXSourcesBuildPhase;
			buildActionMask = 2147483647;
			files = (
				417F05E11D7F7A4200FDB704 /* ViewController.swift in Sources */,
				417F05DF1D7F7A4200FDB704 /* AppDelegate.swift in Sources */,
			);
			runOnlyForDeploymentPostprocessing = 0;
		};
/* End PBXSourcesBuildPhase section */

/* Begin PBXVariantGroup section */
		417F05E21D7F7A4200FDB704 /* Main.storyboard */ = {
			isa = PBXVariantGroup;
			children = (
				417F05E31D7F7A4200FDB704 /* Base */,
			);
			name = Main.storyboard;
			sourceTree = "<group>";
		};
		417F05E71D7F7A4200FDB704 /* LaunchScreen.storyboard */ = {
			isa = PBXVariantGroup;
			children = (
				417F05E81D7F7A4200FDB704 /* Base */,
			);
			name = LaunchScreen.storyboard;
			sourceTree = "<group>";
		};
/* End PBXVariantGroup section */

/* Begin XCBuildConfiguration section */
		417F05EB1D7F7A4200FDB704 /* Debug */ = {
			isa = XCBuildConfiguration;
			buildSettings = {
				ALWAYS_SEARCH_USER_PATHS = NO;
				CLANG_ANALYZER_NONNULL = YES;
				CLANG_CXX_LANGUAGE_STANDARD = "gnu++0x";
				CLANG_CXX_LIBRARY = "libc++";
				CLANG_ENABLE_MODULES = YES;
				CLANG_ENABLE_OBJC_ARC = YES;
				CLANG_WARN_BOOL_CONVERSION = YES;
				CLANG_WARN_CONSTANT_CONVERSION = YES;
				CLANG_WARN_DIRECT_OBJC_ISA_USAGE = YES_ERROR;
				CLANG_WARN_EMPTY_BODY = YES;
				CLANG_WARN_ENUM_CONVERSION = YES;
				CLANG_WARN_INT_CONVERSION = YES;
				CLANG_WARN_OBJC_ROOT_CLASS = YES_ERROR;
				CLANG_WARN_UNREACHABLE_CODE = YES;
				CLANG_WARN__DUPLICATE_METHOD_MATCH = YES;
				"CODE_SIGN_IDENTITY[sdk=iphoneos*]" = "iPhone Developer";
				COPY_PHASE_STRIP = NO;
				DEBUG_INFORMATION_FORMAT = dwarf;
				ENABLE_STRICT_OBJC_MSGSEND = YES;
				ENABLE_TESTABILITY = YES;
				GCC_C_LANGUAGE_STANDARD = gnu99;
				GCC_DYNAMIC_NO_PIC = NO;
				GCC_NO_COMMON_BLOCKS = YES;
				GCC_OPTIMIZATION_LEVEL = 0;
				GCC_PREPROCESSOR_DEFINITIONS = (
					"DEBUG=1",
					"$(inherited)",
				);
				GCC_WARN_64_TO_32_BIT_CONVERSION = YES;
				GCC_WARN_ABOUT_RETURN_TYPE = YES_ERROR;
				GCC_WARN_UNDECLARED_SELECTOR = YES;
				GCC_WARN_UNINITIALIZED_AUTOS = YES_AGGRESSIVE;
				GCC_WARN_UNUSED_FUNCTION = YES;
				GCC_WARN_UNUSED_VARIABLE = YES;
				IPHONEOS_DEPLOYMENT_TARGET = 9.3;
				MTL_ENABLE_DEBUG_INFO = YES;
				ONLY_ACTIVE_ARCH = YES;
				SDKROOT = iphoneos;
				SWIFT_OPTIMIZATION_LEVEL = "-Onone";
				TARGETED_DEVICE_FAMILY = "1,2";
			};
			name = Debug;
		};
		417F05EC1D7F7A4200FDB704 /* Release */ = {
			isa = XCBuildConfiguration;
			buildSettings = {
				ALWAYS_SEARCH_USER_PATHS = NO;
				CLANG_ANALYZER_NONNULL = YES;
				CLANG_CXX_LANGUAGE_STANDARD = "gnu++0x";
				CLANG_CXX_LIBRARY = "libc++";
				CLANG_ENABLE_MODULES = YES;
				CLANG_ENABLE_OBJC_ARC = YES;
				CLANG_WARN_BOOL_CONVERSION = YES;
				CLANG_WARN_CONSTANT_CONVERSION = YES;
				CLANG_WARN_DIRECT_OBJC_ISA_USAGE = YES_ERROR;
				CLANG_WARN_EMPTY_BODY = YES;
				CLANG_WARN_ENUM_CONVERSION = YES;
				CLANG_WARN_INT_CONVERSION = YES;
				CLANG_WARN_OBJC_ROOT_CLASS = YES_ERROR;
				CLANG_WARN_UNREACHABLE_CODE = YES;
				CLANG_WARN__DUPLICATE_METHOD_MATCH = YES;
				"CODE_SIGN_IDENTITY[sdk=iphoneos*]" = "iPhone Developer";
				COPY_PHASE_STRIP = NO;
				DEBUG_INFORMATION_FORMAT = "dwarf-with-dsym";
				ENABLE_NS_ASSERTIONS = NO;
				ENABLE_STRICT_OBJC_MSGSEND = YES;
				GCC_C_LANGUAGE_STANDARD = gnu99;
				GCC_NO_COMMON_BLOCKS = YES;
				GCC_WARN_64_TO_32_BIT_CONVERSION = YES;
				GCC_WARN_ABOUT_RETURN_TYPE = YES_ERROR;
				GCC_WARN_UNDECLARED_SELECTOR = YES;
				GCC_WARN_UNINITIALIZED_AUTOS = YES_AGGRESSIVE;
				GCC_WARN_UNUSED_FUNCTION = YES;
				GCC_WARN_UNUSED_VARIABLE = YES;
				IPHONEOS_DEPLOYMENT_TARGET = 9.3;
				MTL_ENABLE_DEBUG_INFO = NO;
				SDKROOT = iphoneos;
				TARGETED_DEVICE_FAMILY = "1,2";
				VALIDATE_PRODUCT = YES;
			};
			name = Release;
		};
		417F05EE1D7F7A4200FDB704 /* Debug */ = {
			isa = XCBuildConfiguration;
			buildSettings = {
				ASSETCATALOG_COMPILER_APPICON_NAME = AppIcon;
				CODE_SIGN_IDENTITY = "iPhone Developer";
				"CODE_SIGN_IDENTITY[sdk=iphoneos*]" = "iPhone Developer";
				INFOPLIST_FILE = WondersOfWorld/Info.plist;
				LD_RUNPATH_SEARCH_PATHS = "$(inherited) @executable_path/Frameworks";
				PRODUCT_BUNDLE_IDENTIFIER = com.beginningiphone.WondersOfWorld;
				PRODUCT_NAME = WondersApp;
				PROVISIONING_PROFILE = "";
			};
			name = Debug;
		};
		417F05EF1D7F7A4200FDB704 /* Release */ = {
			isa = XCBuildConfiguration;
			buildSettings = {
				ASSETCATALOG_COMPILER_APPICON_NAME = AppIcon;
				CODE_SIGN_IDENTITY = "iPhone Developer";
				"CODE_SIGN_IDENTITY[sdk=iphoneos*]" = "iPhone Developer";
				INFOPLIST_FILE = WondersOfWorld/Info.plist;
				LD_RUNPATH_SEARCH_PATHS = "$(inherited) @executable_path/Frameworks";
				PRODUCT_BUNDLE_IDENTIFIER = com.beginningiphone.WondersOfWorld;
				PRODUCT_NAME = WondersApp;
				PROVISIONING_PROFILE = "";
			};
			name = Release;
		};
/* End XCBuildConfiguration section */

/* Begin XCConfigurationList section */
		417F05D61D7F7A4200FDB704 /* Build configuration list for PBXProject "WondersOfWorld" */ = {
			isa = XCConfigurationList;
			buildConfigurations = (
				417F05EB1D7F7A4200FDB704 /* Debug */,
				417F05EC1D7F7A4200FDB704 /* Release */,
			);
			defaultConfigurationIsVisible = 0;
			defaultConfigurationName = Release;
		};
		417F05ED1D7F7A4200FDB704 /* Build configuration list for PBXNativeTarget "WondersOfWorld" */ = {
			isa = XCConfigurationList;
			buildConfigurations = (
				417F05EE1D7F7A4200FDB704 /* Debug */,
				417F05EF1D7F7A4200FDB704 /* Release */,
			);
			defaultConfigurationIsVisible = 0;
			defaultConfigurationName = Release;
		};
/* End XCConfigurationList section */
	};
	rootObject = 417F05D31D7F7A4200FDB704 /* Project object */;
}
